[root]
name = "dnd"
version = "0.0.1"
dependencies = [
 "crypto 0.0.1 (git+https://github.com/seb-m/crypto.rs.git)",
 "irc 0.0.1 (git+https://github.com/aaronweiss74/irc.git)",
]

[[package]]
name = "common"
version = "0.0.1"
source = "git+https://github.com/seb-m/common.rs#d6e83d174f813a511634c3d5b9fd79e18358f67a"

[[package]]
name = "crypto"
version = "0.0.1"
source = "git+https://github.com/seb-m/crypto.rs.git#f1c9f2783d8f2e9b80a70d823c311bef90db4301"
dependencies = [
 "common 0.0.1 (git+https://github.com/seb-m/common.rs)",
 "curve41417 0.0.1 (git+https://github.com/seb-m/curve41417.rs)",
]

[[package]]
name = "curve41417"
version = "0.0.1"
source = "git+https://github.com/seb-m/curve41417.rs#8995a80a6ea347015deb760a43ce860175b2400a"
dependencies = [
 "common 0.0.1 (git+https://github.com/seb-m/common.rs)",
]

[[package]]
name = "irc"
version = "0.0.1"
source = "git+https://github.com/aaronweiss74/irc.git#dd6b6eebd3986a7101a98eae528d189aed39bde1"

