[root]
name = "dnd"
version = "0.0.1"
dependencies = [
 "crypto 0.0.1 (git+https://github.com/seb-m/crypto.rs.git)",
 "irc 0.1.0 (git+https://github.com/aaronweiss74/irc.git)",
]

[[package]]
name = "common"
version = "0.0.1"
source = "git+https://github.com/seb-m/common.rs#4ee94a964449ee85163ad8222eecee86b3e845dc"

[[package]]
name = "crypto"
version = "0.0.1"
source = "git+https://github.com/seb-m/crypto.rs.git#50faec705f91274ccd501457d71efdb18cb20151"
dependencies = [
 "common 0.0.1 (git+https://github.com/seb-m/common.rs)",
 "curve41417 0.0.1 (git+https://github.com/seb-m/curve41417.rs)",
]

[[package]]
name = "curve41417"
version = "0.0.1"
source = "git+https://github.com/seb-m/curve41417.rs#9acb94f4f5d5478d11b44507ce1093d841e5fd27"
dependencies = [
 "common 0.0.1 (git+https://github.com/seb-m/common.rs)",
]

[[package]]
name = "irc"
version = "0.1.0"
source = "git+https://github.com/aaronweiss74/irc.git#09fa19a3d00d79fd029589511a34867447d34cb6"

